
Microsoft Visual Studio Solution File, Format Version 12.00
# Visual Studio Version 17
VisualStudioVersion = 17.14.36401.2 d17.14
MinimumVisualStudioVersion = 10.0.40219.1
Project("{888888A0-9F3D-457C-B088-3A5042F75D52}") = "Artists for Artists", "Artists for Artists.pyproj", "{A0A73A54-3164-4537-BD6F-3CC12461403C}"
EndProject
Global
	GlobalSection(SolutionConfigurationPlatforms) = preSolution
		Debug|Any CPU = Debug|Any CPU
		Release|Any CPU = Release|Any CPU
	EndGlobalSection
	GlobalSection(ProjectConfigurationPlatforms) = postSolution
		{A0A73A54-3164-4537-BD6F-3CC12461403C}.Debug|Any CPU.ActiveCfg = Debug|Any CPU
		{A0A73A54-3164-4537-BD6F-3CC12461403C}.Debug|Any CPU.Build.0 = Debug|Any CPU
		{A0A73A54-3164-4537-BD6F-3CC12461403C}.Release|Any CPU.ActiveCfg = Release|Any CPU
		{A0A73A54-3164-4537-BD6F-3CC12461403C}.Release|Any CPU.Build.0 = Release|Any CPU
	EndGlobalSection
	GlobalSection(SolutionProperties) = preSolution
		HideSolutionNode = FALSE
	EndGlobalSection
	GlobalSection(ExtensibilityGlobals) = postSolution
		SolutionGuid = {89FCA52E-C6A3-4DA8-A320-991EB69D221B}
	EndGlobalSection
EndGlobal
